
Microsoft Visual Studio Solution File, Format Version 12.00
# Visual Studio Version 16
VisualStudioVersion = 16.0.31112.23
MinimumVisualStudioVersion = 10.0.40219.1
Project("{888888A0-9F3D-457C-B088-3A5042F75D52}") = "Stepik-2", "Stepik-2\Stepik-2.pyproj", "{446D721A-63CB-4FEA-A7B9-61ECB53DED3A}"
EndProject
Global
	GlobalSection(SolutionConfigurationPlatforms) = preSolution
		Debug|Any CPU = Debug|Any CPU
		Release|Any CPU = Release|Any CPU
	EndGlobalSection
	GlobalSection(ProjectConfigurationPlatforms) = postSolution
		{446D721A-63CB-4FEA-A7B9-61ECB53DED3A}.Debug|Any CPU.ActiveCfg = Debug|Any CPU
		{446D721A-63CB-4FEA-A7B9-61ECB53DED3A}.Release|Any CPU.ActiveCfg = Release|Any CPU
	EndGlobalSection
	GlobalSection(SolutionProperties) = preSolution
		HideSolutionNode = FALSE
	EndGlobalSection
	GlobalSection(ExtensibilityGlobals) = postSolution
		SolutionGuid = {AEF1B573-0FD3-4CA6-98A1-D5FF74858B44}
	EndGlobalSection
EndGlobal
